
Microsoft Visual Studio Solution File, Format Version 12.00
# Visual Studio Version 16
VisualStudioVersion = 16.0.30413.136
MinimumVisualStudioVersion = 10.0.40219.1
Project("{8BC9CEB8-8B4A-11D0-8D11-00A0C91BC942}") = "pr_6", "pr_6.vcxproj", "{DECDBA9B-0510-4D64-B6B2-349063F66AF9}"
EndProject
Global
	GlobalSection(SolutionConfigurationPlatforms) = preSolution
		Debug|x64 = Debug|x64
		Debug|x86 = Debug|x86
		Release|x64 = Release|x64
		Release|x86 = Release|x86
	EndGlobalSection
	GlobalSection(ProjectConfigurationPlatforms) = postSolution
		{DECDBA9B-0510-4D64-B6B2-349063F66AF9}.Debug|x64.ActiveCfg = Debug|x64
		{DECDBA9B-0510-4D64-B6B2-349063F66AF9}.Debug|x64.Build.0 = Debug|x64
		{DECDBA9B-0510-4D64-B6B2-349063F66AF9}.Debug|x86.ActiveCfg = Debug|Win32
		{DECDBA9B-0510-4D64-B6B2-349063F66AF9}.Debug|x86.Build.0 = Debug|Win32
		{DECDBA9B-0510-4D64-B6B2-349063F66AF9}.Release|x64.ActiveCfg = Release|x64
		{DECDBA9B-0510-4D64-B6B2-349063F66AF9}.Release|x64.Build.0 = Release|x64
		{DECDBA9B-0510-4D64-B6B2-349063F66AF9}.Release|x86.ActiveCfg = Release|Win32
		{DECDBA9B-0510-4D64-B6B2-349063F66AF9}.Release|x86.Build.0 = Release|Win32
	EndGlobalSection
	GlobalSection(SolutionProperties) = preSolution
		HideSolutionNode = FALSE
	EndGlobalSection
	GlobalSection(ExtensibilityGlobals) = postSolution
		SolutionGuid = {94BE113F-8759-4839-9ACB-7327C4306D65}
	EndGlobalSection
EndGlobal
